
Microsoft Visual Studio Solution File, Format Version 12.00
# Visual Studio Version 17
VisualStudioVersion = 17.4.33205.214
MinimumVisualStudioVersion = 10.0.40219.1
Project("{9A19103F-16F7-4668-BE54-9A1E7A4F7556}") = "Calculator.ConsoleApp", "Calcolatrice\Calculator.ConsoleApp.csproj", "{A6096A4D-8E45-4705-8067-C33805870C66}"
EndProject
Project("{FAE04EC0-301F-11D3-BF4B-00C04F79EFBC}") = "Calculator.MOCK", "Calculator.Repository\Calculator.MOCK.csproj", "{8D5AEBC4-F4E5-4D03-88A0-5C85303B8FF0}"
	ProjectSection(ProjectDependencies) = postProject
		{5D43E6CD-F120-4DE0-9ECB-6A9AA9FC818F} = {5D43E6CD-F120-4DE0-9ECB-6A9AA9FC818F}
	EndProjectSection
EndProject
Project("{FAE04EC0-301F-11D3-BF4B-00C04F79EFBC}") = "Calculator", "Calculator\Calculator.csproj", "{5D43E6CD-F120-4DE0-9ECB-6A9AA9FC818F}"
EndProject
Global
	GlobalSection(SolutionConfigurationPlatforms) = preSolution
		Debug|Any CPU = Debug|Any CPU
		Release|Any CPU = Release|Any CPU
	EndGlobalSection
	GlobalSection(ProjectConfigurationPlatforms) = postSolution
		{A6096A4D-8E45-4705-8067-C33805870C66}.Debug|Any CPU.ActiveCfg = Debug|Any CPU
		{A6096A4D-8E45-4705-8067-C33805870C66}.Debug|Any CPU.Build.0 = Debug|Any CPU
		{A6096A4D-8E45-4705-8067-C33805870C66}.Release|Any CPU.ActiveCfg = Release|Any CPU
		{A6096A4D-8E45-4705-8067-C33805870C66}.Release|Any CPU.Build.0 = Release|Any CPU
		{8D5AEBC4-F4E5-4D03-88A0-5C85303B8FF0}.Debug|Any CPU.ActiveCfg = Debug|Any CPU
		{8D5AEBC4-F4E5-4D03-88A0-5C85303B8FF0}.Debug|Any CPU.Build.0 = Debug|Any CPU
		{8D5AEBC4-F4E5-4D03-88A0-5C85303B8FF0}.Release|Any CPU.ActiveCfg = Release|Any CPU
		{8D5AEBC4-F4E5-4D03-88A0-5C85303B8FF0}.Release|Any CPU.Build.0 = Release|Any CPU
		{5D43E6CD-F120-4DE0-9ECB-6A9AA9FC818F}.Debug|Any CPU.ActiveCfg = Debug|Any CPU
		{5D43E6CD-F120-4DE0-9ECB-6A9AA9FC818F}.Debug|Any CPU.Build.0 = Debug|Any CPU
		{5D43E6CD-F120-4DE0-9ECB-6A9AA9FC818F}.Release|Any CPU.ActiveCfg = Release|Any CPU
		{5D43E6CD-F120-4DE0-9ECB-6A9AA9FC818F}.Release|Any CPU.Build.0 = Release|Any CPU
	EndGlobalSection
	GlobalSection(SolutionProperties) = preSolution
		HideSolutionNode = FALSE
	EndGlobalSection
	GlobalSection(ExtensibilityGlobals) = postSolution
		SolutionGuid = {840C8EF0-8F62-4C68-97EE-E75CFEBAC643}
	EndGlobalSection
EndGlobal
